
Microsoft Visual Studio Solution File, Format Version 12.00
# Visual Studio Version 16
VisualStudioVersion = 16.0.31129.286
MinimumVisualStudioVersion = 10.0.40219.1
Project("{9A19103F-16F7-4668-BE54-9A1E7A4F7556}") = "APIGateWay", "APIGateWay\APIGateWay.csproj", "{BB87585E-653A-4FB6-8997-51C5F11278D2}"
EndProject
Global
	GlobalSection(SolutionConfigurationPlatforms) = preSolution
		Debug|Any CPU = Debug|Any CPU
		Release|Any CPU = Release|Any CPU
	EndGlobalSection
	GlobalSection(ProjectConfigurationPlatforms) = postSolution
		{BB87585E-653A-4FB6-8997-51C5F11278D2}.Debug|Any CPU.ActiveCfg = Debug|Any CPU
		{BB87585E-653A-4FB6-8997-51C5F11278D2}.Debug|Any CPU.Build.0 = Debug|Any CPU
		{BB87585E-653A-4FB6-8997-51C5F11278D2}.Release|Any CPU.ActiveCfg = Release|Any CPU
		{BB87585E-653A-4FB6-8997-51C5F11278D2}.Release|Any CPU.Build.0 = Release|Any CPU
	EndGlobalSection
	GlobalSection(SolutionProperties) = preSolution
		HideSolutionNode = FALSE
	EndGlobalSection
	GlobalSection(ExtensibilityGlobals) = postSolution
		SolutionGuid = {92B0F3AF-FD7D-454A-A83E-33F8ACCF603F}
	EndGlobalSection
EndGlobal
